
Microsoft Visual Studio Solution File, Format Version 12.00
# Visual Studio Version 17
VisualStudioVersion = 17.0.31903.59
MinimumVisualStudioVersion = 10.0.40219.1
Project("{FAE04EC0-301F-11D3-BF4B-00C04F79EFBC}") = "BillingMaintenanceService.API", "BillingMaintenanceService.API\BillingMaintenanceService.API.csproj", "{8F527491-776C-4155-A65C-E2F6BD5EA7CD}"
EndProject
Project("{FAE04EC0-301F-11D3-BF4B-00C04F79EFBC}") = "BillingMaintenanceService.Application", "BillingMaintenanceService.Application\BillingMaintenanceService.Application.csproj", "{155E053B-3090-45DD-AABF-7CC7F6A5C9DA}"
EndProject
Project("{FAE04EC0-301F-11D3-BF4B-00C04F79EFBC}") = "BillingMaintenanceService.Domain", "BillingMaintenanceService.Domain\BillingMaintenanceService.Domain.csproj", "{267A2DEE-989C-41F3-89E7-516ABD005A61}"
EndProject
Project("{FAE04EC0-301F-11D3-BF4B-00C04F79EFBC}") = "BillingMaintenanceService.Infrastructure", "BillingMaintenanceService.Infrastructure\BillingMaintenanceService.Infrastructure.csproj", "{D8E4CE0D-FB37-4557-89C3-8B25CA61639B}"
EndProject
Global
	GlobalSection(SolutionConfigurationPlatforms) = preSolution
		Debug|Any CPU = Debug|Any CPU
		Debug|x64 = Debug|x64
		Debug|x86 = Debug|x86
		Release|Any CPU = Release|Any CPU
		Release|x64 = Release|x64
		Release|x86 = Release|x86
	EndGlobalSection
	GlobalSection(ProjectConfigurationPlatforms) = postSolution
		{8F527491-776C-4155-A65C-E2F6BD5EA7CD}.Debug|Any CPU.ActiveCfg = Debug|Any CPU
		{8F527491-776C-4155-A65C-E2F6BD5EA7CD}.Debug|Any CPU.Build.0 = Debug|Any CPU
		{8F527491-776C-4155-A65C-E2F6BD5EA7CD}.Debug|x64.ActiveCfg = Debug|Any CPU
		{8F527491-776C-4155-A65C-E2F6BD5EA7CD}.Debug|x64.Build.0 = Debug|Any CPU
		{8F527491-776C-4155-A65C-E2F6BD5EA7CD}.Debug|x86.ActiveCfg = Debug|Any CPU
		{8F527491-776C-4155-A65C-E2F6BD5EA7CD}.Debug|x86.Build.0 = Debug|Any CPU
		{8F527491-776C-4155-A65C-E2F6BD5EA7CD}.Release|Any CPU.ActiveCfg = Release|Any CPU
		{8F527491-776C-4155-A65C-E2F6BD5EA7CD}.Release|Any CPU.Build.0 = Release|Any CPU
		{8F527491-776C-4155-A65C-E2F6BD5EA7CD}.Release|x64.ActiveCfg = Release|Any CPU
		{8F527491-776C-4155-A65C-E2F6BD5EA7CD}.Release|x64.Build.0 = Release|Any CPU
		{8F527491-776C-4155-A65C-E2F6BD5EA7CD}.Release|x86.ActiveCfg = Release|Any CPU
		{8F527491-776C-4155-A65C-E2F6BD5EA7CD}.Release|x86.Build.0 = Release|Any CPU
		{155E053B-3090-45DD-AABF-7CC7F6A5C9DA}.Debug|Any CPU.ActiveCfg = Debug|Any CPU
		{155E053B-3090-45DD-AABF-7CC7F6A5C9DA}.Debug|Any CPU.Build.0 = Debug|Any CPU
		{155E053B-3090-45DD-AABF-7CC7F6A5C9DA}.Debug|x64.ActiveCfg = Debug|Any CPU
		{155E053B-3090-45DD-AABF-7CC7F6A5C9DA}.Debug|x64.Build.0 = Debug|Any CPU
		{155E053B-3090-45DD-AABF-7CC7F6A5C9DA}.Debug|x86.ActiveCfg = Debug|Any CPU
		{155E053B-3090-45DD-AABF-7CC7F6A5C9DA}.Debug|x86.Build.0 = Debug|Any CPU
		{155E053B-3090-45DD-AABF-7CC7F6A5C9DA}.Release|Any CPU.ActiveCfg = Release|Any CPU
		{155E053B-3090-45DD-AABF-7CC7F6A5C9DA}.Release|Any CPU.Build.0 = Release|Any CPU
		{155E053B-3090-45DD-AABF-7CC7F6A5C9DA}.Release|x64.ActiveCfg = Release|Any CPU
		{155E053B-3090-45DD-AABF-7CC7F6A5C9DA}.Release|x64.Build.0 = Release|Any CPU
		{155E053B-3090-45DD-AABF-7CC7F6A5C9DA}.Release|x86.ActiveCfg = Release|Any CPU
		{155E053B-3090-45DD-AABF-7CC7F6A5C9DA}.Release|x86.Build.0 = Release|Any CPU
		{267A2DEE-989C-41F3-89E7-516ABD005A61}.Debug|Any CPU.ActiveCfg = Debug|Any CPU
		{267A2DEE-989C-41F3-89E7-516ABD005A61}.Debug|Any CPU.Build.0 = Debug|Any CPU
		{267A2DEE-989C-41F3-89E7-516ABD005A61}.Debug|x64.ActiveCfg = Debug|Any CPU
		{267A2DEE-989C-41F3-89E7-516ABD005A61}.Debug|x64.Build.0 = Debug|Any CPU
		{267A2DEE-989C-41F3-89E7-516ABD005A61}.Debug|x86.ActiveCfg = Debug|Any CPU
		{267A2DEE-989C-41F3-89E7-516ABD005A61}.Debug|x86.Build.0 = Debug|Any CPU
		{267A2DEE-989C-41F3-89E7-516ABD005A61}.Release|Any CPU.ActiveCfg = Release|Any CPU
		{267A2DEE-989C-41F3-89E7-516ABD005A61}.Release|Any CPU.Build.0 = Release|Any CPU
		{267A2DEE-989C-41F3-89E7-516ABD005A61}.Release|x64.ActiveCfg = Release|Any CPU
		{267A2DEE-989C-41F3-89E7-516ABD005A61}.Release|x64.Build.0 = Release|Any CPU
		{267A2DEE-989C-41F3-89E7-516ABD005A61}.Release|x86.ActiveCfg = Release|Any CPU
		{267A2DEE-989C-41F3-89E7-516ABD005A61}.Release|x86.Build.0 = Release|Any CPU
		{D8E4CE0D-FB37-4557-89C3-8B25CA61639B}.Debug|Any CPU.ActiveCfg = Debug|Any CPU
		{D8E4CE0D-FB37-4557-89C3-8B25CA61639B}.Debug|Any CPU.Build.0 = Debug|Any CPU
		{D8E4CE0D-FB37-4557-89C3-8B25CA61639B}.Debug|x64.ActiveCfg = Debug|Any CPU
		{D8E4CE0D-FB37-4557-89C3-8B25CA61639B}.Debug|x64.Build.0 = Debug|Any CPU
		{D8E4CE0D-FB37-4557-89C3-8B25CA61639B}.Debug|x86.ActiveCfg = Debug|Any CPU
		{D8E4CE0D-FB37-4557-89C3-8B25CA61639B}.Debug|x86.Build.0 = Debug|Any CPU
		{D8E4CE0D-FB37-4557-89C3-8B25CA61639B}.Release|Any CPU.ActiveCfg = Release|Any CPU
		{D8E4CE0D-FB37-4557-89C3-8B25CA61639B}.Release|Any CPU.Build.0 = Release|Any CPU
		{D8E4CE0D-FB37-4557-89C3-8B25CA61639B}.Release|x64.ActiveCfg = Release|Any CPU
		{D8E4CE0D-FB37-4557-89C3-8B25CA61639B}.Release|x64.Build.0 = Release|Any CPU
		{D8E4CE0D-FB37-4557-89C3-8B25CA61639B}.Release|x86.ActiveCfg = Release|Any CPU
		{D8E4CE0D-FB37-4557-89C3-8B25CA61639B}.Release|x86.Build.0 = Release|Any CPU
	EndGlobalSection
	GlobalSection(SolutionProperties) = preSolution
		HideSolutionNode = FALSE
	EndGlobalSection
EndGlobal
